
Microsoft Visual Studio Solution File, Format Version 12.00
# Visual Studio Version 17
VisualStudioVersion = 17.13.35818.85 d17.13
MinimumVisualStudioVersion = 10.0.40219.1
Project("{FAE04EC0-301F-11D3-BF4B-00C04F79EFBC}") = "tpmodul8_103022300072", "tpmodul8_103022300072\tpmodul8_103022300072.csproj", "{97247232-9D73-4F53-9BF1-56FE0F9FBD67}"
EndProject
Global
	GlobalSection(SolutionConfigurationPlatforms) = preSolution
		Debug|Any CPU = Debug|Any CPU
		Release|Any CPU = Release|Any CPU
	EndGlobalSection
	GlobalSection(ProjectConfigurationPlatforms) = postSolution
		{97247232-9D73-4F53-9BF1-56FE0F9FBD67}.Debug|Any CPU.ActiveCfg = Debug|Any CPU
		{97247232-9D73-4F53-9BF1-56FE0F9FBD67}.Debug|Any CPU.Build.0 = Debug|Any CPU
		{97247232-9D73-4F53-9BF1-56FE0F9FBD67}.Release|Any CPU.ActiveCfg = Release|Any CPU
		{97247232-9D73-4F53-9BF1-56FE0F9FBD67}.Release|Any CPU.Build.0 = Release|Any CPU
	EndGlobalSection
	GlobalSection(SolutionProperties) = preSolution
		HideSolutionNode = FALSE
	EndGlobalSection
	GlobalSection(ExtensibilityGlobals) = postSolution
		SolutionGuid = {2D7C6E5F-9181-44AF-8161-7727EF95BFE7}
	EndGlobalSection
EndGlobal
